
Microsoft Visual Studio Solution File, Format Version 12.00
# Visual Studio 15
VisualStudioVersion = 15.0.26730.12
MinimumVisualStudioVersion = 10.0.40219.1
Project("{FAE04EC0-301F-11D3-BF4B-00C04F79EFBC}") = "Specta.RestPOS.App.Android", "TestProject\TestProject.Android\Specta.RestPOS.App.Android.csproj", "{5656DEB6-63A9-4A37-ADC3-668531ACFD95}"
EndProject
Project("{FAE04EC0-301F-11D3-BF4B-00C04F79EFBC}") = "Specta.RestPOS.App", "TestProject\TestProject\Specta.RestPOS.App.csproj", "{A4851B1E-2D5D-4F16-9202-B73DBA76EA57}"
EndProject
Project("{FAE04EC0-301F-11D3-BF4B-00C04F79EFBC}") = "Specta.RestPOS.App.UWP", "TestProject\TestProject.UWP\Specta.RestPOS.App.UWP.csproj", "{B47522A3-6042-459E-8535-B121522E994F}"
EndProject
Project("{FAE04EC0-301F-11D3-BF4B-00C04F79EFBC}") = "Specta.RestPOS.App.iOS", "TestProject\TestProject.iOS\Specta.RestPOS.App.iOS.csproj", "{04CB7850-DD6D-40B1-9CEF-E317C2423DD6}"
EndProject
Project("{2150E333-8FDC-42A3-9474-1A3956D46DE8}") = "Controls", "Controls", "{D248E53F-A822-432A-9728-C3AE732FA028}"
EndProject
Project("{FAE04EC0-301F-11D3-BF4B-00C04F79EFBC}") = "FormsControls.Base", "Lib\FormsControls.Base\FormsControls.Base.csproj", "{453B182A-A11B-41B8-AB06-F90E5C0FD967}"
EndProject
Project("{FAE04EC0-301F-11D3-BF4B-00C04F79EFBC}") = "FormsControls.Droid", "Lib\FormsControls.Droid\FormsControls.Droid.csproj", "{2E135E3C-E516-45C5-91F2-F42B13EF0F5F}"
EndProject
Project("{FAE04EC0-301F-11D3-BF4B-00C04F79EFBC}") = "FormsControls.Touch", "Lib\FormsControls.Touch\FormsControls.Touch.csproj", "{B73A9C90-1DF1-49FA-9DCE-331DB24FA383}"
EndProject
Global
	GlobalSection(SolutionConfigurationPlatforms) = preSolution
		Ad-Hoc|Any CPU = Ad-Hoc|Any CPU
		Ad-Hoc|ARM = Ad-Hoc|ARM
		Ad-Hoc|iPhone = Ad-Hoc|iPhone
		Ad-Hoc|iPhoneSimulator = Ad-Hoc|iPhoneSimulator
		Ad-Hoc|x64 = Ad-Hoc|x64
		Ad-Hoc|x86 = Ad-Hoc|x86
		AppStore|Any CPU = AppStore|Any CPU
		AppStore|ARM = AppStore|ARM
		AppStore|iPhone = AppStore|iPhone
		AppStore|iPhoneSimulator = AppStore|iPhoneSimulator
		AppStore|x64 = AppStore|x64
		AppStore|x86 = AppStore|x86
		Debug|Any CPU = Debug|Any CPU
		Debug|ARM = Debug|ARM
		Debug|iPhone = Debug|iPhone
		Debug|iPhoneSimulator = Debug|iPhoneSimulator
		Debug|x64 = Debug|x64
		Debug|x86 = Debug|x86
		Design|Any CPU = Design|Any CPU
		Design|ARM = Design|ARM
		Design|iPhone = Design|iPhone
		Design|iPhoneSimulator = Design|iPhoneSimulator
		Design|x64 = Design|x64
		Design|x86 = Design|x86
		Release|Any CPU = Release|Any CPU
		Release|ARM = Release|ARM
		Release|iPhone = Release|iPhone
		Release|iPhoneSimulator = Release|iPhoneSimulator
		Release|x64 = Release|x64
		Release|x86 = Release|x86
	EndGlobalSection
	GlobalSection(ProjectConfigurationPlatforms) = postSolution
		{5656DEB6-63A9-4A37-ADC3-668531ACFD95}.Ad-Hoc|Any CPU.ActiveCfg = Release|Any CPU
		{5656DEB6-63A9-4A37-ADC3-668531ACFD95}.Ad-Hoc|Any CPU.Build.0 = Release|Any CPU
		{5656DEB6-63A9-4A37-ADC3-668531ACFD95}.Ad-Hoc|Any CPU.Deploy.0 = Release|Any CPU
		{5656DEB6-63A9-4A37-ADC3-668531ACFD95}.Ad-Hoc|ARM.ActiveCfg = Release|Any CPU
		{5656DEB6-63A9-4A37-ADC3-668531ACFD95}.Ad-Hoc|ARM.Build.0 = Release|Any CPU
		{5656DEB6-63A9-4A37-ADC3-668531ACFD95}.Ad-Hoc|ARM.Deploy.0 = Release|Any CPU
		{5656DEB6-63A9-4A37-ADC3-668531ACFD95}.Ad-Hoc|iPhone.ActiveCfg = Release|Any CPU
		{5656DEB6-63A9-4A37-ADC3-668531ACFD95}.Ad-Hoc|iPhone.Build.0 = Release|Any CPU
		{5656DEB6-63A9-4A37-ADC3-668531ACFD95}.Ad-Hoc|iPhone.Deploy.0 = Release|Any CPU
		{5656DEB6-63A9-4A37-ADC3-668531ACFD95}.Ad-Hoc|iPhoneSimulator.ActiveCfg = Release|Any CPU
		{5656DEB6-63A9-4A37-ADC3-668531ACFD95}.Ad-Hoc|iPhoneSimulator.Build.0 = Release|Any CPU
		{5656DEB6-63A9-4A37-ADC3-668531ACFD95}.Ad-Hoc|iPhoneSimulator.Deploy.0 = Release|Any CPU
		{5656DEB6-63A9-4A37-ADC3-668531ACFD95}.Ad-Hoc|x64.ActiveCfg = Release|Any CPU
		{5656DEB6-63A9-4A37-ADC3-668531ACFD95}.Ad-Hoc|x64.Build.0 = Release|Any CPU
		{5656DEB6-63A9-4A37-ADC3-668531ACFD95}.Ad-Hoc|x64.Deploy.0 = Release|Any CPU
		{5656DEB6-63A9-4A37-ADC3-668531ACFD95}.Ad-Hoc|x86.ActiveCfg = Release|Any CPU
		{5656DEB6-63A9-4A37-ADC3-668531ACFD95}.Ad-Hoc|x86.Build.0 = Release|Any CPU
		{5656DEB6-63A9-4A37-ADC3-668531ACFD95}.Ad-Hoc|x86.Deploy.0 = Release|Any CPU
		{5656DEB6-63A9-4A37-ADC3-668531ACFD95}.AppStore|Any CPU.ActiveCfg = Release|Any CPU
		{5656DEB6-63A9-4A37-ADC3-668531ACFD95}.AppStore|Any CPU.Build.0 = Release|Any CPU
		{5656DEB6-63A9-4A37-ADC3-668531ACFD95}.AppStore|Any CPU.Deploy.0 = Release|Any CPU
		{5656DEB6-63A9-4A37-ADC3-668531ACFD95}.AppStore|ARM.ActiveCfg = Release|Any CPU
		{5656DEB6-63A9-4A37-ADC3-668531ACFD95}.AppStore|ARM.Build.0 = Release|Any CPU
		{5656DEB6-63A9-4A37-ADC3-668531ACFD95}.AppStore|ARM.Deploy.0 = Release|Any CPU
		{5656DEB6-63A9-4A37-ADC3-668531ACFD95}.AppStore|iPhone.ActiveCfg = Release|Any CPU
		{5656DEB6-63A9-4A37-ADC3-668531ACFD95}.AppStore|iPhone.Build.0 = Release|Any CPU
		{5656DEB6-63A9-4A37-ADC3-668531ACFD95}.AppStore|iPhone.Deploy.0 = Release|Any CPU
		{5656DEB6-63A9-4A37-ADC3-668531ACFD95}.AppStore|iPhoneSimulator.ActiveCfg = Release|Any CPU
		{5656DEB6-63A9-4A37-ADC3-668531ACFD95}.AppStore|iPhoneSimulator.Build.0 = Release|Any CPU
		{5656DEB6-63A9-4A37-ADC3-668531ACFD95}.AppStore|iPhoneSimulator.Deploy.0 = Release|Any CPU
		{5656DEB6-63A9-4A37-ADC3-668531ACFD95}.AppStore|x64.ActiveCfg = Release|Any CPU
		{5656DEB6-63A9-4A37-ADC3-668531ACFD95}.AppStore|x64.Build.0 = Release|Any CPU
		{5656DEB6-63A9-4A37-ADC3-668531ACFD95}.AppStore|x64.Deploy.0 = Release|Any CPU
		{5656DEB6-63A9-4A37-ADC3-668531ACFD95}.AppStore|x86.ActiveCfg = Release|Any CPU
		{5656DEB6-63A9-4A37-ADC3-668531ACFD95}.AppStore|x86.Build.0 = Release|Any CPU
		{5656DEB6-63A9-4A37-ADC3-668531ACFD95}.AppStore|x86.Deploy.0 = Release|Any CPU
		{5656DEB6-63A9-4A37-ADC3-668531ACFD95}.Debug|Any CPU.ActiveCfg = Debug|Any CPU
		{5656DEB6-63A9-4A37-ADC3-668531ACFD95}.Debug|Any CPU.Build.0 = Debug|Any CPU
		{5656DEB6-63A9-4A37-ADC3-668531ACFD95}.Debug|Any CPU.Deploy.0 = Debug|Any CPU
		{5656DEB6-63A9-4A37-ADC3-668531ACFD95}.Debug|ARM.ActiveCfg = Debug|Any CPU
		{5656DEB6-63A9-4A37-ADC3-668531ACFD95}.Debug|ARM.Build.0 = Debug|Any CPU
		{5656DEB6-63A9-4A37-ADC3-668531ACFD95}.Debug|ARM.Deploy.0 = Debug|Any CPU
		{5656DEB6-63A9-4A37-ADC3-668531ACFD95}.Debug|iPhone.ActiveCfg = Debug|Any CPU
		{5656DEB6-63A9-4A37-ADC3-668531ACFD95}.Debug|iPhone.Build.0 = Debug|Any CPU
		{5656DEB6-63A9-4A37-ADC3-668531ACFD95}.Debug|iPhone.Deploy.0 = Debug|Any CPU
		{5656DEB6-63A9-4A37-ADC3-668531ACFD95}.Debug|iPhoneSimulator.ActiveCfg = Debug|Any CPU
		{5656DEB6-63A9-4A37-ADC3-668531ACFD95}.Debug|iPhoneSimulator.Build.0 = Debug|Any CPU
		{5656DEB6-63A9-4A37-ADC3-668531ACFD95}.Debug|iPhoneSimulator.Deploy.0 = Debug|Any CPU
		{5656DEB6-63A9-4A37-ADC3-668531ACFD95}.Debug|x64.ActiveCfg = Debug|Any CPU
		{5656DEB6-63A9-4A37-ADC3-668531ACFD95}.Debug|x64.Build.0 = Debug|Any CPU
		{5656DEB6-63A9-4A37-ADC3-668531ACFD95}.Debug|x64.Deploy.0 = Debug|Any CPU
		{5656DEB6-63A9-4A37-ADC3-668531ACFD95}.Debug|x86.ActiveCfg = Debug|Any CPU
		{5656DEB6-63A9-4A37-ADC3-668531ACFD95}.Debug|x86.Build.0 = Debug|Any CPU
		{5656DEB6-63A9-4A37-ADC3-668531ACFD95}.Debug|x86.Deploy.0 = Debug|Any CPU
		{5656DEB6-63A9-4A37-ADC3-668531ACFD95}.Design|Any CPU.ActiveCfg = Debug|Any CPU
		{5656DEB6-63A9-4A37-ADC3-668531ACFD95}.Design|Any CPU.Build.0 = Debug|Any CPU
		{5656DEB6-63A9-4A37-ADC3-668531ACFD95}.Design|ARM.ActiveCfg = Debug|Any CPU
		{5656DEB6-63A9-4A37-ADC3-668531ACFD95}.Design|ARM.Build.0 = Debug|Any CPU
		{5656DEB6-63A9-4A37-ADC3-668531ACFD95}.Design|ARM.Deploy.0 = Debug|Any CPU
		{5656DEB6-63A9-4A37-ADC3-668531ACFD95}.Design|iPhone.ActiveCfg = Debug|Any CPU
		{5656DEB6-63A9-4A37-ADC3-668531ACFD95}.Design|iPhone.Build.0 = Debug|Any CPU
		{5656DEB6-63A9-4A37-ADC3-668531ACFD95}.Design|iPhoneSimulator.ActiveCfg = Debug|Any CPU
		{5656DEB6-63A9-4A37-ADC3-668531ACFD95}.Design|iPhoneSimulator.Build.0 = Debug|Any CPU
		{5656DEB6-63A9-4A37-ADC3-668531ACFD95}.Design|x64.ActiveCfg = Debug|Any CPU
		{5656DEB6-63A9-4A37-ADC3-668531ACFD95}.Design|x64.Build.0 = Debug|Any CPU
		{5656DEB6-63A9-4A37-ADC3-668531ACFD95}.Design|x64.Deploy.0 = Debug|Any CPU
		{5656DEB6-63A9-4A37-ADC3-668531ACFD95}.Design|x86.ActiveCfg = Debug|Any CPU
		{5656DEB6-63A9-4A37-ADC3-668531ACFD95}.Design|x86.Build.0 = Debug|Any CPU
		{5656DEB6-63A9-4A37-ADC3-668531ACFD95}.Design|x86.Deploy.0 = Debug|Any CPU
		{5656DEB6-63A9-4A37-ADC3-668531ACFD95}.Release|Any CPU.ActiveCfg = Release|Any CPU
		{5656DEB6-63A9-4A37-ADC3-668531ACFD95}.Release|Any CPU.Build.0 = Release|Any CPU
		{5656DEB6-63A9-4A37-ADC3-668531ACFD95}.Release|Any CPU.Deploy.0 = Release|Any CPU
		{5656DEB6-63A9-4A37-ADC3-668531ACFD95}.Release|ARM.ActiveCfg = Release|Any CPU
		{5656DEB6-63A9-4A37-ADC3-668531ACFD95}.Release|ARM.Build.0 = Release|Any CPU
		{5656DEB6-63A9-4A37-ADC3-668531ACFD95}.Release|ARM.Deploy.0 = Release|Any CPU
		{5656DEB6-63A9-4A37-ADC3-668531ACFD95}.Release|iPhone.ActiveCfg = Release|Any CPU
		{5656DEB6-63A9-4A37-ADC3-668531ACFD95}.Release|iPhone.Build.0 = Release|Any CPU
		{5656DEB6-63A9-4A37-ADC3-668531ACFD95}.Release|iPhone.Deploy.0 = Release|Any CPU
		{5656DEB6-63A9-4A37-ADC3-668531ACFD95}.Release|iPhoneSimulator.ActiveCfg = Release|Any CPU
		{5656DEB6-63A9-4A37-ADC3-668531ACFD95}.Release|iPhoneSimulator.Build.0 = Release|Any CPU
		{5656DEB6-63A9-4A37-ADC3-668531ACFD95}.Release|iPhoneSimulator.Deploy.0 = Release|Any CPU
		{5656DEB6-63A9-4A37-ADC3-668531ACFD95}.Release|x64.ActiveCfg = Release|Any CPU
		{5656DEB6-63A9-4A37-ADC3-668531ACFD95}.Release|x64.Build.0 = Release|Any CPU
		{5656DEB6-63A9-4A37-ADC3-668531ACFD95}.Release|x64.Deploy.0 = Release|Any CPU
		{5656DEB6-63A9-4A37-ADC3-668531ACFD95}.Release|x86.ActiveCfg = Release|Any CPU
		{5656DEB6-63A9-4A37-ADC3-668531ACFD95}.Release|x86.Build.0 = Release|Any CPU
		{5656DEB6-63A9-4A37-ADC3-668531ACFD95}.Release|x86.Deploy.0 = Release|Any CPU
		{A4851B1E-2D5D-4F16-9202-B73DBA76EA57}.Ad-Hoc|Any CPU.ActiveCfg = Release|Any CPU
		{A4851B1E-2D5D-4F16-9202-B73DBA76EA57}.Ad-Hoc|Any CPU.Build.0 = Release|Any CPU
		{A4851B1E-2D5D-4F16-9202-B73DBA76EA57}.Ad-Hoc|ARM.ActiveCfg = Release|Any CPU
		{A4851B1E-2D5D-4F16-9202-B73DBA76EA57}.Ad-Hoc|ARM.Build.0 = Release|Any CPU
		{A4851B1E-2D5D-4F16-9202-B73DBA76EA57}.Ad-Hoc|iPhone.ActiveCfg = Release|Any CPU
		{A4851B1E-2D5D-4F16-9202-B73DBA76EA57}.Ad-Hoc|iPhone.Build.0 = Release|Any CPU
		{A4851B1E-2D5D-4F16-9202-B73DBA76EA57}.Ad-Hoc|iPhoneSimulator.ActiveCfg = Release|Any CPU
		{A4851B1E-2D5D-4F16-9202-B73DBA76EA57}.Ad-Hoc|iPhoneSimulator.Build.0 = Release|Any CPU
		{A4851B1E-2D5D-4F16-9202-B73DBA76EA57}.Ad-Hoc|x64.ActiveCfg = Release|Any CPU
		{A4851B1E-2D5D-4F16-9202-B73DBA76EA57}.Ad-Hoc|x64.Build.0 = Release|Any CPU
		{A4851B1E-2D5D-4F16-9202-B73DBA76EA57}.Ad-Hoc|x86.ActiveCfg = Release|Any CPU
		{A4851B1E-2D5D-4F16-9202-B73DBA76EA57}.Ad-Hoc|x86.Build.0 = Release|Any CPU
		{A4851B1E-2D5D-4F16-9202-B73DBA76EA57}.AppStore|Any CPU.ActiveCfg = Release|Any CPU
		{A4851B1E-2D5D-4F16-9202-B73DBA76EA57}.AppStore|Any CPU.Build.0 = Release|Any CPU
		{A4851B1E-2D5D-4F16-9202-B73DBA76EA57}.AppStore|ARM.ActiveCfg = Release|Any CPU
		{A4851B1E-2D5D-4F16-9202-B73DBA76EA57}.AppStore|ARM.Build.0 = Release|Any CPU
		{A4851B1E-2D5D-4F16-9202-B73DBA76EA57}.AppStore|iPhone.ActiveCfg = Release|Any CPU
		{A4851B1E-2D5D-4F16-9202-B73DBA76EA57}.AppStore|iPhone.Build.0 = Release|Any CPU
		{A4851B1E-2D5D-4F16-9202-B73DBA76EA57}.AppStore|iPhoneSimulator.ActiveCfg = Release|Any CPU
		{A4851B1E-2D5D-4F16-9202-B73DBA76EA57}.AppStore|iPhoneSimulator.Build.0 = Release|Any CPU
		{A4851B1E-2D5D-4F16-9202-B73DBA76EA57}.AppStore|x64.ActiveCfg = Release|Any CPU
		{A4851B1E-2D5D-4F16-9202-B73DBA76EA57}.AppStore|x64.Build.0 = Release|Any CPU
		{A4851B1E-2D5D-4F16-9202-B73DBA76EA57}.AppStore|x86.ActiveCfg = Release|Any CPU
		{A4851B1E-2D5D-4F16-9202-B73DBA76EA57}.AppStore|x86.Build.0 = Release|Any CPU
		{A4851B1E-2D5D-4F16-9202-B73DBA76EA57}.Debug|Any CPU.ActiveCfg = Debug|Any CPU
		{A4851B1E-2D5D-4F16-9202-B73DBA76EA57}.Debug|Any CPU.Build.0 = Debug|Any CPU
		{A4851B1E-2D5D-4F16-9202-B73DBA76EA57}.Debug|ARM.ActiveCfg = Debug|Any CPU
		{A4851B1E-2D5D-4F16-9202-B73DBA76EA57}.Debug|ARM.Build.0 = Debug|Any CPU
		{A4851B1E-2D5D-4F16-9202-B73DBA76EA57}.Debug|iPhone.ActiveCfg = Debug|Any CPU
		{A4851B1E-2D5D-4F16-9202-B73DBA76EA57}.Debug|iPhone.Build.0 = Debug|Any CPU
		{A4851B1E-2D5D-4F16-9202-B73DBA76EA57}.Debug|iPhoneSimulator.ActiveCfg = Debug|Any CPU
		{A4851B1E-2D5D-4F16-9202-B73DBA76EA57}.Debug|iPhoneSimulator.Build.0 = Debug|Any CPU
		{A4851B1E-2D5D-4F16-9202-B73DBA76EA57}.Debug|x64.ActiveCfg = Debug|Any CPU
		{A4851B1E-2D5D-4F16-9202-B73DBA76EA57}.Debug|x64.Build.0 = Debug|Any CPU
		{A4851B1E-2D5D-4F16-9202-B73DBA76EA57}.Debug|x86.ActiveCfg = Debug|Any CPU
		{A4851B1E-2D5D-4F16-9202-B73DBA76EA57}.Debug|x86.Build.0 = Debug|Any CPU
		{A4851B1E-2D5D-4F16-9202-B73DBA76EA57}.Design|Any CPU.ActiveCfg = Debug|Any CPU
		{A4851B1E-2D5D-4F16-9202-B73DBA76EA57}.Design|Any CPU.Build.0 = Debug|Any CPU
		{A4851B1E-2D5D-4F16-9202-B73DBA76EA57}.Design|ARM.ActiveCfg = Debug|Any CPU
		{A4851B1E-2D5D-4F16-9202-B73DBA76EA57}.Design|ARM.Build.0 = Debug|Any CPU
		{A4851B1E-2D5D-4F16-9202-B73DBA76EA57}.Design|iPhone.ActiveCfg = Debug|Any CPU
		{A4851B1E-2D5D-4F16-9202-B73DBA76EA57}.Design|iPhone.Build.0 = Debug|Any CPU
		{A4851B1E-2D5D-4F16-9202-B73DBA76EA57}.Design|iPhoneSimulator.ActiveCfg = Debug|Any CPU
		{A4851B1E-2D5D-4F16-9202-B73DBA76EA57}.Design|iPhoneSimulator.Build.0 = Debug|Any CPU
		{A4851B1E-2D5D-4F16-9202-B73DBA76EA57}.Design|x64.ActiveCfg = Debug|Any CPU
		{A4851B1E-2D5D-4F16-9202-B73DBA76EA57}.Design|x64.Build.0 = Debug|Any CPU
		{A4851B1E-2D5D-4F16-9202-B73DBA76EA57}.Design|x86.ActiveCfg = Debug|Any CPU
		{A4851B1E-2D5D-4F16-9202-B73DBA76EA57}.Design|x86.Build.0 = Debug|Any CPU
		{A4851B1E-2D5D-4F16-9202-B73DBA76EA57}.Release|Any CPU.ActiveCfg = Release|Any CPU
		{A4851B1E-2D5D-4F16-9202-B73DBA76EA57}.Release|Any CPU.Build.0 = Release|Any CPU
		{A4851B1E-2D5D-4F16-9202-B73DBA76EA57}.Release|ARM.ActiveCfg = Release|Any CPU
		{A4851B1E-2D5D-4F16-9202-B73DBA76EA57}.Release|ARM.Build.0 = Release|Any CPU
		{A4851B1E-2D5D-4F16-9202-B73DBA76EA57}.Release|iPhone.ActiveCfg = Release|Any CPU
		{A4851B1E-2D5D-4F16-9202-B73DBA76EA57}.Release|iPhone.Build.0 = Release|Any CPU
		{A4851B1E-2D5D-4F16-9202-B73DBA76EA57}.Release|iPhoneSimulator.ActiveCfg = Release|Any CPU
		{A4851B1E-2D5D-4F16-9202-B73DBA76EA57}.Release|iPhoneSimulator.Build.0 = Release|Any CPU
		{A4851B1E-2D5D-4F16-9202-B73DBA76EA57}.Release|x64.ActiveCfg = Release|Any CPU
		{A4851B1E-2D5D-4F16-9202-B73DBA76EA57}.Release|x64.Build.0 = Release|Any CPU
		{A4851B1E-2D5D-4F16-9202-B73DBA76EA57}.Release|x86.ActiveCfg = Release|Any CPU
		{A4851B1E-2D5D-4F16-9202-B73DBA76EA57}.Release|x86.Build.0 = Release|Any CPU
		{B47522A3-6042-459E-8535-B121522E994F}.Ad-Hoc|Any CPU.ActiveCfg = Release|x86
		{B47522A3-6042-459E-8535-B121522E994F}.Ad-Hoc|Any CPU.Build.0 = Release|x86
		{B47522A3-6042-459E-8535-B121522E994F}.Ad-Hoc|Any CPU.Deploy.0 = Release|x86
		{B47522A3-6042-459E-8535-B121522E994F}.Ad-Hoc|ARM.ActiveCfg = Release|ARM
		{B47522A3-6042-459E-8535-B121522E994F}.Ad-Hoc|ARM.Build.0 = Release|ARM
		{B47522A3-6042-459E-8535-B121522E994F}.Ad-Hoc|ARM.Deploy.0 = Release|ARM
		{B47522A3-6042-459E-8535-B121522E994F}.Ad-Hoc|iPhone.ActiveCfg = Release|x86
		{B47522A3-6042-459E-8535-B121522E994F}.Ad-Hoc|iPhone.Build.0 = Release|x86
		{B47522A3-6042-459E-8535-B121522E994F}.Ad-Hoc|iPhone.Deploy.0 = Release|x86
		{B47522A3-6042-459E-8535-B121522E994F}.Ad-Hoc|iPhoneSimulator.ActiveCfg = Release|x86
		{B47522A3-6042-459E-8535-B121522E994F}.Ad-Hoc|iPhoneSimulator.Build.0 = Release|x86
		{B47522A3-6042-459E-8535-B121522E994F}.Ad-Hoc|iPhoneSimulator.Deploy.0 = Release|x86
		{B47522A3-6042-459E-8535-B121522E994F}.Ad-Hoc|x64.ActiveCfg = Release|x64
		{B47522A3-6042-459E-8535-B121522E994F}.Ad-Hoc|x64.Build.0 = Release|x64
		{B47522A3-6042-459E-8535-B121522E994F}.Ad-Hoc|x64.Deploy.0 = Release|x64
		{B47522A3-6042-459E-8535-B121522E994F}.Ad-Hoc|x86.ActiveCfg = Release|x86
		{B47522A3-6042-459E-8535-B121522E994F}.Ad-Hoc|x86.Build.0 = Release|x86
		{B47522A3-6042-459E-8535-B121522E994F}.Ad-Hoc|x86.Deploy.0 = Release|x86
		{B47522A3-6042-459E-8535-B121522E994F}.AppStore|Any CPU.ActiveCfg = Release|x86
		{B47522A3-6042-459E-8535-B121522E994F}.AppStore|Any CPU.Build.0 = Release|x86
		{B47522A3-6042-459E-8535-B121522E994F}.AppStore|Any CPU.Deploy.0 = Release|x86
		{B47522A3-6042-459E-8535-B121522E994F}.AppStore|ARM.ActiveCfg = Release|ARM
		{B47522A3-6042-459E-8535-B121522E994F}.AppStore|ARM.Build.0 = Release|ARM
		{B47522A3-6042-459E-8535-B121522E994F}.AppStore|ARM.Deploy.0 = Release|ARM
		{B47522A3-6042-459E-8535-B121522E994F}.AppStore|iPhone.ActiveCfg = Release|x86
		{B47522A3-6042-459E-8535-B121522E994F}.AppStore|iPhone.Build.0 = Release|x86
		{B47522A3-6042-459E-8535-B121522E994F}.AppStore|iPhone.Deploy.0 = Release|x86
		{B47522A3-6042-459E-8535-B121522E994F}.AppStore|iPhoneSimulator.ActiveCfg = Release|x86
		{B47522A3-6042-459E-8535-B121522E994F}.AppStore|iPhoneSimulator.Build.0 = Release|x86
		{B47522A3-6042-459E-8535-B121522E994F}.AppStore|iPhoneSimulator.Deploy.0 = Release|x86
		{B47522A3-6042-459E-8535-B121522E994F}.AppStore|x64.ActiveCfg = Release|x64
		{B47522A3-6042-459E-8535-B121522E994F}.AppStore|x64.Build.0 = Release|x64
		{B47522A3-6042-459E-8535-B121522E994F}.AppStore|x64.Deploy.0 = Release|x64
		{B47522A3-6042-459E-8535-B121522E994F}.AppStore|x86.ActiveCfg = Release|x86
		{B47522A3-6042-459E-8535-B121522E994F}.AppStore|x86.Build.0 = Release|x86
		{B47522A3-6042-459E-8535-B121522E994F}.AppStore|x86.Deploy.0 = Release|x86
		{B47522A3-6042-459E-8535-B121522E994F}.Debug|Any CPU.ActiveCfg = Debug|x86
		{B47522A3-6042-459E-8535-B121522E994F}.Debug|ARM.ActiveCfg = Debug|ARM
		{B47522A3-6042-459E-8535-B121522E994F}.Debug|ARM.Build.0 = Debug|ARM
		{B47522A3-6042-459E-8535-B121522E994F}.Debug|ARM.Deploy.0 = Debug|ARM
		{B47522A3-6042-459E-8535-B121522E994F}.Debug|iPhone.ActiveCfg = Debug|x86
		{B47522A3-6042-459E-8535-B121522E994F}.Debug|iPhoneSimulator.ActiveCfg = Debug|x86
		{B47522A3-6042-459E-8535-B121522E994F}.Debug|x64.ActiveCfg = Debug|x64
		{B47522A3-6042-459E-8535-B121522E994F}.Debug|x64.Build.0 = Debug|x64
		{B47522A3-6042-459E-8535-B121522E994F}.Debug|x64.Deploy.0 = Debug|x64
		{B47522A3-6042-459E-8535-B121522E994F}.Debug|x86.ActiveCfg = Debug|x86
		{B47522A3-6042-459E-8535-B121522E994F}.Debug|x86.Build.0 = Debug|x86
		{B47522A3-6042-459E-8535-B121522E994F}.Debug|x86.Deploy.0 = Debug|x86
		{B47522A3-6042-459E-8535-B121522E994F}.Design|Any CPU.ActiveCfg = Debug|ARM
		{B47522A3-6042-459E-8535-B121522E994F}.Design|Any CPU.Build.0 = Debug|ARM
		{B47522A3-6042-459E-8535-B121522E994F}.Design|ARM.ActiveCfg = Debug|ARM
		{B47522A3-6042-459E-8535-B121522E994F}.Design|ARM.Build.0 = Debug|ARM
		{B47522A3-6042-459E-8535-B121522E994F}.Design|ARM.Deploy.0 = Debug|ARM
		{B47522A3-6042-459E-8535-B121522E994F}.Design|iPhone.ActiveCfg = Debug|ARM
		{B47522A3-6042-459E-8535-B121522E994F}.Design|iPhone.Build.0 = Debug|ARM
		{B47522A3-6042-459E-8535-B121522E994F}.Design|iPhoneSimulator.ActiveCfg = Debug|ARM
		{B47522A3-6042-459E-8535-B121522E994F}.Design|iPhoneSimulator.Build.0 = Debug|ARM
		{B47522A3-6042-459E-8535-B121522E994F}.Design|x64.ActiveCfg = Debug|x64
		{B47522A3-6042-459E-8535-B121522E994F}.Design|x64.Build.0 = Debug|x64
		{B47522A3-6042-459E-8535-B121522E994F}.Design|x64.Deploy.0 = Debug|x64
		{B47522A3-6042-459E-8535-B121522E994F}.Design|x86.ActiveCfg = Debug|x86
		{B47522A3-6042-459E-8535-B121522E994F}.Design|x86.Build.0 = Debug|x86
		{B47522A3-6042-459E-8535-B121522E994F}.Design|x86.Deploy.0 = Debug|x86
		{B47522A3-6042-459E-8535-B121522E994F}.Release|Any CPU.ActiveCfg = Release|x86
		{B47522A3-6042-459E-8535-B121522E994F}.Release|ARM.ActiveCfg = Release|ARM
		{B47522A3-6042-459E-8535-B121522E994F}.Release|ARM.Build.0 = Release|ARM
		{B47522A3-6042-459E-8535-B121522E994F}.Release|ARM.Deploy.0 = Release|ARM
		{B47522A3-6042-459E-8535-B121522E994F}.Release|iPhone.ActiveCfg = Release|x86
		{B47522A3-6042-459E-8535-B121522E994F}.Release|iPhoneSimulator.ActiveCfg = Release|x86
		{B47522A3-6042-459E-8535-B121522E994F}.Release|x64.ActiveCfg = Release|x64
		{B47522A3-6042-459E-8535-B121522E994F}.Release|x64.Build.0 = Release|x64
		{B47522A3-6042-459E-8535-B121522E994F}.Release|x64.Deploy.0 = Release|x64
		{B47522A3-6042-459E-8535-B121522E994F}.Release|x86.ActiveCfg = Release|x86
		{B47522A3-6042-459E-8535-B121522E994F}.Release|x86.Build.0 = Release|x86
		{B47522A3-6042-459E-8535-B121522E994F}.Release|x86.Deploy.0 = Release|x86
		{04CB7850-DD6D-40B1-9CEF-E317C2423DD6}.Ad-Hoc|Any CPU.ActiveCfg = Ad-Hoc|iPhone
		{04CB7850-DD6D-40B1-9CEF-E317C2423DD6}.Ad-Hoc|ARM.ActiveCfg = Ad-Hoc|iPhone
		{04CB7850-DD6D-40B1-9CEF-E317C2423DD6}.Ad-Hoc|iPhone.ActiveCfg = Ad-Hoc|iPhone
		{04CB7850-DD6D-40B1-9CEF-E317C2423DD6}.Ad-Hoc|iPhone.Build.0 = Ad-Hoc|iPhone
		{04CB7850-DD6D-40B1-9CEF-E317C2423DD6}.Ad-Hoc|iPhoneSimulator.ActiveCfg = Ad-Hoc|iPhoneSimulator
		{04CB7850-DD6D-40B1-9CEF-E317C2423DD6}.Ad-Hoc|iPhoneSimulator.Build.0 = Ad-Hoc|iPhoneSimulator
		{04CB7850-DD6D-40B1-9CEF-E317C2423DD6}.Ad-Hoc|x64.ActiveCfg = Ad-Hoc|iPhone
		{04CB7850-DD6D-40B1-9CEF-E317C2423DD6}.Ad-Hoc|x86.ActiveCfg = Ad-Hoc|iPhone
		{04CB7850-DD6D-40B1-9CEF-E317C2423DD6}.AppStore|Any CPU.ActiveCfg = AppStore|iPhone
		{04CB7850-DD6D-40B1-9CEF-E317C2423DD6}.AppStore|ARM.ActiveCfg = AppStore|iPhone
		{04CB7850-DD6D-40B1-9CEF-E317C2423DD6}.AppStore|iPhone.ActiveCfg = AppStore|iPhone
		{04CB7850-DD6D-40B1-9CEF-E317C2423DD6}.AppStore|iPhone.Build.0 = AppStore|iPhone
		{04CB7850-DD6D-40B1-9CEF-E317C2423DD6}.AppStore|iPhoneSimulator.ActiveCfg = AppStore|iPhoneSimulator
		{04CB7850-DD6D-40B1-9CEF-E317C2423DD6}.AppStore|iPhoneSimulator.Build.0 = AppStore|iPhoneSimulator
		{04CB7850-DD6D-40B1-9CEF-E317C2423DD6}.AppStore|x64.ActiveCfg = AppStore|iPhone
		{04CB7850-DD6D-40B1-9CEF-E317C2423DD6}.AppStore|x86.ActiveCfg = AppStore|iPhone
		{04CB7850-DD6D-40B1-9CEF-E317C2423DD6}.Debug|Any CPU.ActiveCfg = Debug|iPhone
		{04CB7850-DD6D-40B1-9CEF-E317C2423DD6}.Debug|ARM.ActiveCfg = Debug|iPhone
		{04CB7850-DD6D-40B1-9CEF-E317C2423DD6}.Debug|iPhone.ActiveCfg = Debug|iPhone
		{04CB7850-DD6D-40B1-9CEF-E317C2423DD6}.Debug|iPhone.Build.0 = Debug|iPhone
		{04CB7850-DD6D-40B1-9CEF-E317C2423DD6}.Debug|iPhoneSimulator.ActiveCfg = Debug|iPhoneSimulator
		{04CB7850-DD6D-40B1-9CEF-E317C2423DD6}.Debug|iPhoneSimulator.Build.0 = Debug|iPhoneSimulator
		{04CB7850-DD6D-40B1-9CEF-E317C2423DD6}.Debug|x64.ActiveCfg = Debug|iPhone
		{04CB7850-DD6D-40B1-9CEF-E317C2423DD6}.Debug|x86.ActiveCfg = Debug|iPhone
		{04CB7850-DD6D-40B1-9CEF-E317C2423DD6}.Design|Any CPU.ActiveCfg = Debug|iPhoneSimulator
		{04CB7850-DD6D-40B1-9CEF-E317C2423DD6}.Design|Any CPU.Build.0 = Debug|iPhoneSimulator
		{04CB7850-DD6D-40B1-9CEF-E317C2423DD6}.Design|ARM.ActiveCfg = Release|iPhoneSimulator
		{04CB7850-DD6D-40B1-9CEF-E317C2423DD6}.Design|ARM.Build.0 = Release|iPhoneSimulator
		{04CB7850-DD6D-40B1-9CEF-E317C2423DD6}.Design|iPhone.ActiveCfg = Debug|iPhone
		{04CB7850-DD6D-40B1-9CEF-E317C2423DD6}.Design|iPhone.Build.0 = Debug|iPhone
		{04CB7850-DD6D-40B1-9CEF-E317C2423DD6}.Design|iPhoneSimulator.ActiveCfg = Debug|iPhoneSimulator
		{04CB7850-DD6D-40B1-9CEF-E317C2423DD6}.Design|iPhoneSimulator.Build.0 = Debug|iPhoneSimulator
		{04CB7850-DD6D-40B1-9CEF-E317C2423DD6}.Design|x64.ActiveCfg = Release|iPhoneSimulator
		{04CB7850-DD6D-40B1-9CEF-E317C2423DD6}.Design|x64.Build.0 = Release|iPhoneSimulator
		{04CB7850-DD6D-40B1-9CEF-E317C2423DD6}.Design|x86.ActiveCfg = Release|iPhoneSimulator
		{04CB7850-DD6D-40B1-9CEF-E317C2423DD6}.Design|x86.Build.0 = Release|iPhoneSimulator
		{04CB7850-DD6D-40B1-9CEF-E317C2423DD6}.Release|Any CPU.ActiveCfg = Release|iPhone
		{04CB7850-DD6D-40B1-9CEF-E317C2423DD6}.Release|ARM.ActiveCfg = Release|iPhone
		{04CB7850-DD6D-40B1-9CEF-E317C2423DD6}.Release|iPhone.ActiveCfg = Release|iPhone
		{04CB7850-DD6D-40B1-9CEF-E317C2423DD6}.Release|iPhone.Build.0 = Release|iPhone
		{04CB7850-DD6D-40B1-9CEF-E317C2423DD6}.Release|iPhoneSimulator.ActiveCfg = Release|iPhoneSimulator
		{04CB7850-DD6D-40B1-9CEF-E317C2423DD6}.Release|iPhoneSimulator.Build.0 = Release|iPhoneSimulator
		{04CB7850-DD6D-40B1-9CEF-E317C2423DD6}.Release|x64.ActiveCfg = Release|iPhone
		{04CB7850-DD6D-40B1-9CEF-E317C2423DD6}.Release|x86.ActiveCfg = Release|iPhone
		{453B182A-A11B-41B8-AB06-F90E5C0FD967}.Ad-Hoc|Any CPU.ActiveCfg = Release|Any CPU
		{453B182A-A11B-41B8-AB06-F90E5C0FD967}.Ad-Hoc|Any CPU.Build.0 = Release|Any CPU
		{453B182A-A11B-41B8-AB06-F90E5C0FD967}.Ad-Hoc|ARM.ActiveCfg = Release|Any CPU
		{453B182A-A11B-41B8-AB06-F90E5C0FD967}.Ad-Hoc|ARM.Build.0 = Release|Any CPU
		{453B182A-A11B-41B8-AB06-F90E5C0FD967}.Ad-Hoc|iPhone.ActiveCfg = Release|Any CPU
		{453B182A-A11B-41B8-AB06-F90E5C0FD967}.Ad-Hoc|iPhone.Build.0 = Release|Any CPU
		{453B182A-A11B-41B8-AB06-F90E5C0FD967}.Ad-Hoc|iPhoneSimulator.ActiveCfg = Release|Any CPU
		{453B182A-A11B-41B8-AB06-F90E5C0FD967}.Ad-Hoc|iPhoneSimulator.Build.0 = Release|Any CPU
		{453B182A-A11B-41B8-AB06-F90E5C0FD967}.Ad-Hoc|x64.ActiveCfg = Release|Any CPU
		{453B182A-A11B-41B8-AB06-F90E5C0FD967}.Ad-Hoc|x64.Build.0 = Release|Any CPU
		{453B182A-A11B-41B8-AB06-F90E5C0FD967}.Ad-Hoc|x86.ActiveCfg = Release|Any CPU
		{453B182A-A11B-41B8-AB06-F90E5C0FD967}.Ad-Hoc|x86.Build.0 = Release|Any CPU
		{453B182A-A11B-41B8-AB06-F90E5C0FD967}.AppStore|Any CPU.ActiveCfg = Release|Any CPU
		{453B182A-A11B-41B8-AB06-F90E5C0FD967}.AppStore|Any CPU.Build.0 = Release|Any CPU
		{453B182A-A11B-41B8-AB06-F90E5C0FD967}.AppStore|ARM.ActiveCfg = Release|Any CPU
		{453B182A-A11B-41B8-AB06-F90E5C0FD967}.AppStore|ARM.Build.0 = Release|Any CPU
		{453B182A-A11B-41B8-AB06-F90E5C0FD967}.AppStore|iPhone.ActiveCfg = Release|Any CPU
		{453B182A-A11B-41B8-AB06-F90E5C0FD967}.AppStore|iPhone.Build.0 = Release|Any CPU
		{453B182A-A11B-41B8-AB06-F90E5C0FD967}.AppStore|iPhoneSimulator.ActiveCfg = Release|Any CPU
		{453B182A-A11B-41B8-AB06-F90E5C0FD967}.AppStore|iPhoneSimulator.Build.0 = Release|Any CPU
		{453B182A-A11B-41B8-AB06-F90E5C0FD967}.AppStore|x64.ActiveCfg = Release|Any CPU
		{453B182A-A11B-41B8-AB06-F90E5C0FD967}.AppStore|x64.Build.0 = Release|Any CPU
		{453B182A-A11B-41B8-AB06-F90E5C0FD967}.AppStore|x86.ActiveCfg = Release|Any CPU
		{453B182A-A11B-41B8-AB06-F90E5C0FD967}.AppStore|x86.Build.0 = Release|Any CPU
		{453B182A-A11B-41B8-AB06-F90E5C0FD967}.Debug|Any CPU.ActiveCfg = Debug|Any CPU
		{453B182A-A11B-41B8-AB06-F90E5C0FD967}.Debug|Any CPU.Build.0 = Debug|Any CPU
		{453B182A-A11B-41B8-AB06-F90E5C0FD967}.Debug|ARM.ActiveCfg = Debug|Any CPU
		{453B182A-A11B-41B8-AB06-F90E5C0FD967}.Debug|ARM.Build.0 = Debug|Any CPU
		{453B182A-A11B-41B8-AB06-F90E5C0FD967}.Debug|iPhone.ActiveCfg = Debug|Any CPU
		{453B182A-A11B-41B8-AB06-F90E5C0FD967}.Debug|iPhone.Build.0 = Debug|Any CPU
		{453B182A-A11B-41B8-AB06-F90E5C0FD967}.Debug|iPhoneSimulator.ActiveCfg = Debug|Any CPU
		{453B182A-A11B-41B8-AB06-F90E5C0FD967}.Debug|iPhoneSimulator.Build.0 = Debug|Any CPU
		{453B182A-A11B-41B8-AB06-F90E5C0FD967}.Debug|x64.ActiveCfg = Debug|Any CPU
		{453B182A-A11B-41B8-AB06-F90E5C0FD967}.Debug|x64.Build.0 = Debug|Any CPU
		{453B182A-A11B-41B8-AB06-F90E5C0FD967}.Debug|x86.ActiveCfg = Debug|Any CPU
		{453B182A-A11B-41B8-AB06-F90E5C0FD967}.Debug|x86.Build.0 = Debug|Any CPU
		{453B182A-A11B-41B8-AB06-F90E5C0FD967}.Design|Any CPU.ActiveCfg = Design|Any CPU
		{453B182A-A11B-41B8-AB06-F90E5C0FD967}.Design|Any CPU.Build.0 = Design|Any CPU
		{453B182A-A11B-41B8-AB06-F90E5C0FD967}.Design|ARM.ActiveCfg = Design|Any CPU
		{453B182A-A11B-41B8-AB06-F90E5C0FD967}.Design|ARM.Build.0 = Design|Any CPU
		{453B182A-A11B-41B8-AB06-F90E5C0FD967}.Design|iPhone.ActiveCfg = Design|iPhone
		{453B182A-A11B-41B8-AB06-F90E5C0FD967}.Design|iPhone.Build.0 = Design|iPhone
		{453B182A-A11B-41B8-AB06-F90E5C0FD967}.Design|iPhoneSimulator.ActiveCfg = Design|iPhoneSimulator
		{453B182A-A11B-41B8-AB06-F90E5C0FD967}.Design|iPhoneSimulator.Build.0 = Design|iPhoneSimulator
		{453B182A-A11B-41B8-AB06-F90E5C0FD967}.Design|x64.ActiveCfg = Design|Any CPU
		{453B182A-A11B-41B8-AB06-F90E5C0FD967}.Design|x64.Build.0 = Design|Any CPU
		{453B182A-A11B-41B8-AB06-F90E5C0FD967}.Design|x86.ActiveCfg = Design|Any CPU
		{453B182A-A11B-41B8-AB06-F90E5C0FD967}.Design|x86.Build.0 = Design|Any CPU
		{453B182A-A11B-41B8-AB06-F90E5C0FD967}.Release|Any CPU.ActiveCfg = Release|Any CPU
		{453B182A-A11B-41B8-AB06-F90E5C0FD967}.Release|Any CPU.Build.0 = Release|Any CPU
		{453B182A-A11B-41B8-AB06-F90E5C0FD967}.Release|ARM.ActiveCfg = Release|Any CPU
		{453B182A-A11B-41B8-AB06-F90E5C0FD967}.Release|ARM.Build.0 = Release|Any CPU
		{453B182A-A11B-41B8-AB06-F90E5C0FD967}.Release|iPhone.ActiveCfg = Release|Any CPU
		{453B182A-A11B-41B8-AB06-F90E5C0FD967}.Release|iPhone.Build.0 = Release|Any CPU
		{453B182A-A11B-41B8-AB06-F90E5C0FD967}.Release|iPhoneSimulator.ActiveCfg = Release|Any CPU
		{453B182A-A11B-41B8-AB06-F90E5C0FD967}.Release|iPhoneSimulator.Build.0 = Release|Any CPU
		{453B182A-A11B-41B8-AB06-F90E5C0FD967}.Release|x64.ActiveCfg = Release|Any CPU
		{453B182A-A11B-41B8-AB06-F90E5C0FD967}.Release|x64.Build.0 = Release|Any CPU
		{453B182A-A11B-41B8-AB06-F90E5C0FD967}.Release|x86.ActiveCfg = Release|Any CPU
		{453B182A-A11B-41B8-AB06-F90E5C0FD967}.Release|x86.Build.0 = Release|Any CPU
		{2E135E3C-E516-45C5-91F2-F42B13EF0F5F}.Ad-Hoc|Any CPU.ActiveCfg = Release|Any CPU
		{2E135E3C-E516-45C5-91F2-F42B13EF0F5F}.Ad-Hoc|Any CPU.Build.0 = Release|Any CPU
		{2E135E3C-E516-45C5-91F2-F42B13EF0F5F}.Ad-Hoc|ARM.ActiveCfg = Release|Any CPU
		{2E135E3C-E516-45C5-91F2-F42B13EF0F5F}.Ad-Hoc|ARM.Build.0 = Release|Any CPU
		{2E135E3C-E516-45C5-91F2-F42B13EF0F5F}.Ad-Hoc|iPhone.ActiveCfg = Release|Any CPU
		{2E135E3C-E516-45C5-91F2-F42B13EF0F5F}.Ad-Hoc|iPhone.Build.0 = Release|Any CPU
		{2E135E3C-E516-45C5-91F2-F42B13EF0F5F}.Ad-Hoc|iPhoneSimulator.ActiveCfg = Release|Any CPU
		{2E135E3C-E516-45C5-91F2-F42B13EF0F5F}.Ad-Hoc|iPhoneSimulator.Build.0 = Release|Any CPU
		{2E135E3C-E516-45C5-91F2-F42B13EF0F5F}.Ad-Hoc|x64.ActiveCfg = Release|Any CPU
		{2E135E3C-E516-45C5-91F2-F42B13EF0F5F}.Ad-Hoc|x64.Build.0 = Release|Any CPU
		{2E135E3C-E516-45C5-91F2-F42B13EF0F5F}.Ad-Hoc|x86.ActiveCfg = Release|Any CPU
		{2E135E3C-E516-45C5-91F2-F42B13EF0F5F}.Ad-Hoc|x86.Build.0 = Release|Any CPU
		{2E135E3C-E516-45C5-91F2-F42B13EF0F5F}.AppStore|Any CPU.ActiveCfg = Release|Any CPU
		{2E135E3C-E516-45C5-91F2-F42B13EF0F5F}.AppStore|Any CPU.Build.0 = Release|Any CPU
		{2E135E3C-E516-45C5-91F2-F42B13EF0F5F}.AppStore|ARM.ActiveCfg = Release|Any CPU
		{2E135E3C-E516-45C5-91F2-F42B13EF0F5F}.AppStore|ARM.Build.0 = Release|Any CPU
		{2E135E3C-E516-45C5-91F2-F42B13EF0F5F}.AppStore|iPhone.ActiveCfg = Release|Any CPU
		{2E135E3C-E516-45C5-91F2-F42B13EF0F5F}.AppStore|iPhone.Build.0 = Release|Any CPU
		{2E135E3C-E516-45C5-91F2-F42B13EF0F5F}.AppStore|iPhoneSimulator.ActiveCfg = Release|Any CPU
		{2E135E3C-E516-45C5-91F2-F42B13EF0F5F}.AppStore|iPhoneSimulator.Build.0 = Release|Any CPU
		{2E135E3C-E516-45C5-91F2-F42B13EF0F5F}.AppStore|x64.ActiveCfg = Release|Any CPU
		{2E135E3C-E516-45C5-91F2-F42B13EF0F5F}.AppStore|x64.Build.0 = Release|Any CPU
		{2E135E3C-E516-45C5-91F2-F42B13EF0F5F}.AppStore|x86.ActiveCfg = Release|Any CPU
		{2E135E3C-E516-45C5-91F2-F42B13EF0F5F}.AppStore|x86.Build.0 = Release|Any CPU
		{2E135E3C-E516-45C5-91F2-F42B13EF0F5F}.Debug|Any CPU.ActiveCfg = Debug|Any CPU
		{2E135E3C-E516-45C5-91F2-F42B13EF0F5F}.Debug|Any CPU.Build.0 = Debug|Any CPU
		{2E135E3C-E516-45C5-91F2-F42B13EF0F5F}.Debug|ARM.ActiveCfg = Debug|Any CPU
		{2E135E3C-E516-45C5-91F2-F42B13EF0F5F}.Debug|ARM.Build.0 = Debug|Any CPU
		{2E135E3C-E516-45C5-91F2-F42B13EF0F5F}.Debug|iPhone.ActiveCfg = Debug|Any CPU
		{2E135E3C-E516-45C5-91F2-F42B13EF0F5F}.Debug|iPhone.Build.0 = Debug|Any CPU
		{2E135E3C-E516-45C5-91F2-F42B13EF0F5F}.Debug|iPhoneSimulator.ActiveCfg = Debug|Any CPU
		{2E135E3C-E516-45C5-91F2-F42B13EF0F5F}.Debug|iPhoneSimulator.Build.0 = Debug|Any CPU
		{2E135E3C-E516-45C5-91F2-F42B13EF0F5F}.Debug|x64.ActiveCfg = Debug|Any CPU
		{2E135E3C-E516-45C5-91F2-F42B13EF0F5F}.Debug|x64.Build.0 = Debug|Any CPU
		{2E135E3C-E516-45C5-91F2-F42B13EF0F5F}.Debug|x86.ActiveCfg = Debug|Any CPU
		{2E135E3C-E516-45C5-91F2-F42B13EF0F5F}.Debug|x86.Build.0 = Debug|Any CPU
		{2E135E3C-E516-45C5-91F2-F42B13EF0F5F}.Design|Any CPU.ActiveCfg = Design|Any CPU
		{2E135E3C-E516-45C5-91F2-F42B13EF0F5F}.Design|Any CPU.Build.0 = Design|Any CPU
		{2E135E3C-E516-45C5-91F2-F42B13EF0F5F}.Design|ARM.ActiveCfg = Design|Any CPU
		{2E135E3C-E516-45C5-91F2-F42B13EF0F5F}.Design|ARM.Build.0 = Design|Any CPU
		{2E135E3C-E516-45C5-91F2-F42B13EF0F5F}.Design|iPhone.ActiveCfg = Design|iPhone
		{2E135E3C-E516-45C5-91F2-F42B13EF0F5F}.Design|iPhone.Build.0 = Design|iPhone
		{2E135E3C-E516-45C5-91F2-F42B13EF0F5F}.Design|iPhoneSimulator.ActiveCfg = Design|iPhoneSimulator
		{2E135E3C-E516-45C5-91F2-F42B13EF0F5F}.Design|iPhoneSimulator.Build.0 = Design|iPhoneSimulator
		{2E135E3C-E516-45C5-91F2-F42B13EF0F5F}.Design|x64.ActiveCfg = Design|Any CPU
		{2E135E3C-E516-45C5-91F2-F42B13EF0F5F}.Design|x64.Build.0 = Design|Any CPU
		{2E135E3C-E516-45C5-91F2-F42B13EF0F5F}.Design|x86.ActiveCfg = Design|Any CPU
		{2E135E3C-E516-45C5-91F2-F42B13EF0F5F}.Design|x86.Build.0 = Design|Any CPU
		{2E135E3C-E516-45C5-91F2-F42B13EF0F5F}.Release|Any CPU.ActiveCfg = Release|Any CPU
		{2E135E3C-E516-45C5-91F2-F42B13EF0F5F}.Release|Any CPU.Build.0 = Release|Any CPU
		{2E135E3C-E516-45C5-91F2-F42B13EF0F5F}.Release|ARM.ActiveCfg = Release|Any CPU
		{2E135E3C-E516-45C5-91F2-F42B13EF0F5F}.Release|ARM.Build.0 = Release|Any CPU
		{2E135E3C-E516-45C5-91F2-F42B13EF0F5F}.Release|iPhone.ActiveCfg = Release|Any CPU
		{2E135E3C-E516-45C5-91F2-F42B13EF0F5F}.Release|iPhone.Build.0 = Release|Any CPU
		{2E135E3C-E516-45C5-91F2-F42B13EF0F5F}.Release|iPhoneSimulator.ActiveCfg = Release|Any CPU
		{2E135E3C-E516-45C5-91F2-F42B13EF0F5F}.Release|iPhoneSimulator.Build.0 = Release|Any CPU
		{2E135E3C-E516-45C5-91F2-F42B13EF0F5F}.Release|x64.ActiveCfg = Release|Any CPU
		{2E135E3C-E516-45C5-91F2-F42B13EF0F5F}.Release|x64.Build.0 = Release|Any CPU
		{2E135E3C-E516-45C5-91F2-F42B13EF0F5F}.Release|x86.ActiveCfg = Release|Any CPU
		{2E135E3C-E516-45C5-91F2-F42B13EF0F5F}.Release|x86.Build.0 = Release|Any CPU
		{B73A9C90-1DF1-49FA-9DCE-331DB24FA383}.Ad-Hoc|Any CPU.ActiveCfg = Release|Any CPU
		{B73A9C90-1DF1-49FA-9DCE-331DB24FA383}.Ad-Hoc|Any CPU.Build.0 = Release|Any CPU
		{B73A9C90-1DF1-49FA-9DCE-331DB24FA383}.Ad-Hoc|ARM.ActiveCfg = Release|Any CPU
		{B73A9C90-1DF1-49FA-9DCE-331DB24FA383}.Ad-Hoc|ARM.Build.0 = Release|Any CPU
		{B73A9C90-1DF1-49FA-9DCE-331DB24FA383}.Ad-Hoc|iPhone.ActiveCfg = Release|Any CPU
		{B73A9C90-1DF1-49FA-9DCE-331DB24FA383}.Ad-Hoc|iPhone.Build.0 = Release|Any CPU
		{B73A9C90-1DF1-49FA-9DCE-331DB24FA383}.Ad-Hoc|iPhoneSimulator.ActiveCfg = Release|Any CPU
		{B73A9C90-1DF1-49FA-9DCE-331DB24FA383}.Ad-Hoc|iPhoneSimulator.Build.0 = Release|Any CPU
		{B73A9C90-1DF1-49FA-9DCE-331DB24FA383}.Ad-Hoc|x64.ActiveCfg = Release|Any CPU
		{B73A9C90-1DF1-49FA-9DCE-331DB24FA383}.Ad-Hoc|x64.Build.0 = Release|Any CPU
		{B73A9C90-1DF1-49FA-9DCE-331DB24FA383}.Ad-Hoc|x86.ActiveCfg = Release|Any CPU
		{B73A9C90-1DF1-49FA-9DCE-331DB24FA383}.Ad-Hoc|x86.Build.0 = Release|Any CPU
		{B73A9C90-1DF1-49FA-9DCE-331DB24FA383}.AppStore|Any CPU.ActiveCfg = Release|Any CPU
		{B73A9C90-1DF1-49FA-9DCE-331DB24FA383}.AppStore|Any CPU.Build.0 = Release|Any CPU
		{B73A9C90-1DF1-49FA-9DCE-331DB24FA383}.AppStore|ARM.ActiveCfg = Release|Any CPU
		{B73A9C90-1DF1-49FA-9DCE-331DB24FA383}.AppStore|ARM.Build.0 = Release|Any CPU
		{B73A9C90-1DF1-49FA-9DCE-331DB24FA383}.AppStore|iPhone.ActiveCfg = Release|Any CPU
		{B73A9C90-1DF1-49FA-9DCE-331DB24FA383}.AppStore|iPhone.Build.0 = Release|Any CPU
		{B73A9C90-1DF1-49FA-9DCE-331DB24FA383}.AppStore|iPhoneSimulator.ActiveCfg = Release|Any CPU
		{B73A9C90-1DF1-49FA-9DCE-331DB24FA383}.AppStore|iPhoneSimulator.Build.0 = Release|Any CPU
		{B73A9C90-1DF1-49FA-9DCE-331DB24FA383}.AppStore|x64.ActiveCfg = Release|Any CPU
		{B73A9C90-1DF1-49FA-9DCE-331DB24FA383}.AppStore|x64.Build.0 = Release|Any CPU
		{B73A9C90-1DF1-49FA-9DCE-331DB24FA383}.AppStore|x86.ActiveCfg = Release|Any CPU
		{B73A9C90-1DF1-49FA-9DCE-331DB24FA383}.AppStore|x86.Build.0 = Release|Any CPU
		{B73A9C90-1DF1-49FA-9DCE-331DB24FA383}.Debug|Any CPU.ActiveCfg = Debug|Any CPU
		{B73A9C90-1DF1-49FA-9DCE-331DB24FA383}.Debug|Any CPU.Build.0 = Debug|Any CPU
		{B73A9C90-1DF1-49FA-9DCE-331DB24FA383}.Debug|ARM.ActiveCfg = Debug|Any CPU
		{B73A9C90-1DF1-49FA-9DCE-331DB24FA383}.Debug|ARM.Build.0 = Debug|Any CPU
		{B73A9C90-1DF1-49FA-9DCE-331DB24FA383}.Debug|iPhone.ActiveCfg = Debug|Any CPU
		{B73A9C90-1DF1-49FA-9DCE-331DB24FA383}.Debug|iPhone.Build.0 = Debug|Any CPU
		{B73A9C90-1DF1-49FA-9DCE-331DB24FA383}.Debug|iPhoneSimulator.ActiveCfg = Debug|Any CPU
		{B73A9C90-1DF1-49FA-9DCE-331DB24FA383}.Debug|iPhoneSimulator.Build.0 = Debug|Any CPU
		{B73A9C90-1DF1-49FA-9DCE-331DB24FA383}.Debug|x64.ActiveCfg = Debug|Any CPU
		{B73A9C90-1DF1-49FA-9DCE-331DB24FA383}.Debug|x64.Build.0 = Debug|Any CPU
		{B73A9C90-1DF1-49FA-9DCE-331DB24FA383}.Debug|x86.ActiveCfg = Debug|Any CPU
		{B73A9C90-1DF1-49FA-9DCE-331DB24FA383}.Debug|x86.Build.0 = Debug|Any CPU
		{B73A9C90-1DF1-49FA-9DCE-331DB24FA383}.Design|Any CPU.ActiveCfg = Design|Any CPU
		{B73A9C90-1DF1-49FA-9DCE-331DB24FA383}.Design|Any CPU.Build.0 = Design|Any CPU
		{B73A9C90-1DF1-49FA-9DCE-331DB24FA383}.Design|ARM.ActiveCfg = Design|Any CPU
		{B73A9C90-1DF1-49FA-9DCE-331DB24FA383}.Design|ARM.Build.0 = Design|Any CPU
		{B73A9C90-1DF1-49FA-9DCE-331DB24FA383}.Design|iPhone.ActiveCfg = Design|Any CPU
		{B73A9C90-1DF1-49FA-9DCE-331DB24FA383}.Design|iPhone.Build.0 = Design|Any CPU
		{B73A9C90-1DF1-49FA-9DCE-331DB24FA383}.Design|iPhoneSimulator.ActiveCfg = Design|Any CPU
		{B73A9C90-1DF1-49FA-9DCE-331DB24FA383}.Design|iPhoneSimulator.Build.0 = Design|Any CPU
		{B73A9C90-1DF1-49FA-9DCE-331DB24FA383}.Design|x64.ActiveCfg = Design|Any CPU
		{B73A9C90-1DF1-49FA-9DCE-331DB24FA383}.Design|x64.Build.0 = Design|Any CPU
		{B73A9C90-1DF1-49FA-9DCE-331DB24FA383}.Design|x86.ActiveCfg = Design|Any CPU
		{B73A9C90-1DF1-49FA-9DCE-331DB24FA383}.Design|x86.Build.0 = Design|Any CPU
		{B73A9C90-1DF1-49FA-9DCE-331DB24FA383}.Release|Any CPU.ActiveCfg = Release|Any CPU
		{B73A9C90-1DF1-49FA-9DCE-331DB24FA383}.Release|Any CPU.Build.0 = Release|Any CPU
		{B73A9C90-1DF1-49FA-9DCE-331DB24FA383}.Release|ARM.ActiveCfg = Release|Any CPU
		{B73A9C90-1DF1-49FA-9DCE-331DB24FA383}.Release|ARM.Build.0 = Release|Any CPU
		{B73A9C90-1DF1-49FA-9DCE-331DB24FA383}.Release|iPhone.ActiveCfg = Release|Any CPU
		{B73A9C90-1DF1-49FA-9DCE-331DB24FA383}.Release|iPhone.Build.0 = Release|Any CPU
		{B73A9C90-1DF1-49FA-9DCE-331DB24FA383}.Release|iPhoneSimulator.ActiveCfg = Release|Any CPU
		{B73A9C90-1DF1-49FA-9DCE-331DB24FA383}.Release|iPhoneSimulator.Build.0 = Release|Any CPU
		{B73A9C90-1DF1-49FA-9DCE-331DB24FA383}.Release|x64.ActiveCfg = Release|Any CPU
		{B73A9C90-1DF1-49FA-9DCE-331DB24FA383}.Release|x64.Build.0 = Release|Any CPU
		{B73A9C90-1DF1-49FA-9DCE-331DB24FA383}.Release|x86.ActiveCfg = Release|Any CPU
		{B73A9C90-1DF1-49FA-9DCE-331DB24FA383}.Release|x86.Build.0 = Release|Any CPU
	EndGlobalSection
	GlobalSection(SolutionProperties) = preSolution
		HideSolutionNode = FALSE
	EndGlobalSection
	GlobalSection(NestedProjects) = preSolution
		{453B182A-A11B-41B8-AB06-F90E5C0FD967} = {D248E53F-A822-432A-9728-C3AE732FA028}
		{2E135E3C-E516-45C5-91F2-F42B13EF0F5F} = {D248E53F-A822-432A-9728-C3AE732FA028}
		{B73A9C90-1DF1-49FA-9DCE-331DB24FA383} = {D248E53F-A822-432A-9728-C3AE732FA028}
	EndGlobalSection
	GlobalSection(ExtensibilityGlobals) = postSolution
		SolutionGuid = {5F537A9E-C363-4A48-9A48-BAC36670745A}
	EndGlobalSection
EndGlobal
